{
  "version": 4,
  "terraform_version": "1.5.4",
  "serial": 32,
  "lineage": "4ede9e35-5698-d18d-6e30-517e14ca5808",
  "outputs": {
    "sign_up_lambda_function_name": {
      "value": "dev-master-sign-up",
      "type": "string"
    },
    "sign_up_lambda_invoke_arn": {
      "value": "arn:aws:apigateway:us-east-1:lambda:path/2015-03-31/functions/arn:aws:lambda:us-east-1:046354001990:function:dev-master-sign-up/invocations",
      "type": "string"
    }
  },
  "resources": [
    {
      "mode": "data",
      "type": "archive_file",
      "name": "sign_up_lambda",
      "provider": "provider[\"registry.terraform.io/hashicorp/archive\"]",
      "instances": [
        {
          "schema_version": 0,
          "attributes": {
            "exclude_symlink_directories": null,
            "excludes": null,
            "id": "1fd654aac82581d2d27b66fc72a824990cbe2617",
            "output_base64sha256": "a5979Xa8PsGPNe5qG6CInXeaovysfWJ42n+cd3ftAQ0=",
            "output_base64sha512": "i0XwBU4JSYZ0NK5QTFoLdKxuERwWqflxPClBYeI17BvKv87FDeG/HVPIi5+312K3uapSkDtW41VX4Im/H2PB5g==",
            "output_file_mode": null,
            "output_md5": "7706cc2f11992fb9d7c4c050dc365a94",
            "output_path": "../../../functions/sign-up/__bundle__.zip",
            "output_sha": "1fd654aac82581d2d27b66fc72a824990cbe2617",
            "output_sha256": "6b9f7bf576bc3ec18f35ee6a1ba0889d779aa2fcac7d6278da7f9c7777ed010d",
            "output_sha512": "8b45f0054e0949867434ae504c5a0b74ac6e111c16a9f9713c294161e235ec1bcabfcec50de1bf1d53c88b9fb7d762b7b9aa52903b56e35557e089bf1f63c1e6",
            "output_size": 13140262,
            "source": [],
            "source_content": null,
            "source_content_filename": null,
            "source_dir": "../../../functions/sign-up",
            "source_file": null,
            "type": "zip"
          },
          "sensitive_attributes": []
        }
      ]
    },
    {
      "mode": "data",
      "type": "aws_iam_policy_document",
      "name": "lambda_policy",
      "provider": "provider[\"registry.terraform.io/hashicorp/aws\"]",
      "instances": [
        {
          "schema_version": 0,
          "attributes": {
            "id": "342742585",
            "json": "{\n  \"Version\": \"2012-10-17\",\n  \"Statement\": [\n    {\n      \"Effect\": \"Allow\",\n      \"Action\": [\n        \"dynamodb:PutItem\",\n        \"dynamodb:GetItem\"\n      ],\n      \"Resource\": \"arn:aws:dynamodb:us-east-1:046354001990:table/dev-auth-api-users-table\"\n    },\n    {\n      \"Effect\": \"Allow\",\n      \"Action\": [\n        \"logs:PutLogEvents\",\n        \"logs:CreateLogStream\"\n      ],\n      \"Resource\": \"arn:aws:logs:*:*:*\"\n    }\n  ]\n}",
            "override_policy_documents": null,
            "policy_id": null,
            "source_policy_documents": null,
            "statement": [
              {
                "actions": [
                  "dynamodb:GetItem",
                  "dynamodb:PutItem"
                ],
                "condition": [],
                "effect": "Allow",
                "not_actions": [],
                "not_principals": [],
                "not_resources": [],
                "principals": [],
                "resources": [
                  "arn:aws:dynamodb:us-east-1:046354001990:table/dev-auth-api-users-table"
                ],
                "sid": ""
              },
              {
                "actions": [
                  "logs:CreateLogStream",
                  "logs:PutLogEvents"
                ],
                "condition": [],
                "effect": "Allow",
                "not_actions": [],
                "not_principals": [],
                "not_resources": [],
                "principals": [],
                "resources": [
                  "arn:aws:logs:*:*:*"
                ],
                "sid": ""
              }
            ],
            "version": "2012-10-17"
          },
          "sensitive_attributes": []
        }
      ]
    },
    {
      "mode": "managed",
      "type": "aws_cloudwatch_log_group",
      "name": "sign_up_lambda_cloudwatch_log_group",
      "provider": "provider[\"registry.terraform.io/hashicorp/aws\"]",
      "instances": [
        {
          "schema_version": 0,
          "attributes": {
            "arn": "arn:aws:logs:us-east-1:046354001990:log-group:/aws/lambda/dev-master-sign-up",
            "id": "/aws/lambda/dev-master-sign-up",
            "kms_key_id": "",
            "name": "/aws/lambda/dev-master-sign-up",
            "name_prefix": "",
            "retention_in_days": 14,
            "skip_destroy": false,
            "tags": {},
            "tags_all": {}
          },
          "sensitive_attributes": [],
          "private": "bnVsbA=="
        }
      ]
    },
    {
      "mode": "managed",
      "type": "aws_iam_policy",
      "name": "policy",
      "provider": "provider[\"registry.terraform.io/hashicorp/aws\"]",
      "instances": [
        {
          "schema_version": 0,
          "attributes": {
            "arn": "arn:aws:iam::046354001990:policy/dev-auth-api-lambda-sign-up-endpoint",
            "description": "Allow /sign-up to add logs to cloudwatch and access DynamoDB table",
            "id": "arn:aws:iam::046354001990:policy/dev-auth-api-lambda-sign-up-endpoint",
            "name": "dev-auth-api-lambda-sign-up-endpoint",
            "name_prefix": "",
            "path": "/",
            "policy": "{\"Statement\":[{\"Action\":[\"dynamodb:PutItem\",\"dynamodb:GetItem\"],\"Effect\":\"Allow\",\"Resource\":\"arn:aws:dynamodb:us-east-1:046354001990:table/dev-auth-api-users-table\"},{\"Action\":[\"logs:PutLogEvents\",\"logs:CreateLogStream\"],\"Effect\":\"Allow\",\"Resource\":\"arn:aws:logs:*:*:*\"}],\"Version\":\"2012-10-17\"}",
            "policy_id": "ANPAQVSXJ6BDEGGXCO7AA",
            "tags": {},
            "tags_all": {}
          },
          "sensitive_attributes": [],
          "private": "bnVsbA==",
          "dependencies": [
            "data.aws_iam_policy_document.lambda_policy"
          ]
        }
      ]
    },
    {
      "mode": "managed",
      "type": "aws_iam_role",
      "name": "sign_up_lambda_exec",
      "provider": "provider[\"registry.terraform.io/hashicorp/aws\"]",
      "instances": [
        {
          "schema_version": 0,
          "attributes": {
            "arn": "arn:aws:iam::046354001990:role/dev-master-sign-up",
            "assume_role_policy": "{\"Statement\":[{\"Action\":\"sts:AssumeRole\",\"Effect\":\"Allow\",\"Principal\":{\"Service\":\"lambda.amazonaws.com\"}}],\"Version\":\"2012-10-17\"}",
            "create_date": "2023-09-27T19:51:08Z",
            "description": "",
            "force_detach_policies": false,
            "id": "dev-master-sign-up",
            "inline_policy": [],
            "managed_policy_arns": [
              "arn:aws:iam::046354001990:policy/dev-auth-api-lambda-sign-up-endpoint"
            ],
            "max_session_duration": 3600,
            "name": "dev-master-sign-up",
            "name_prefix": "",
            "path": "/",
            "permissions_boundary": null,
            "tags": {},
            "tags_all": {},
            "unique_id": "AROAQVSXJ6BDCNYBG5OIZ"
          },
          "sensitive_attributes": [],
          "private": "bnVsbA=="
        }
      ]
    },
    {
      "mode": "managed",
      "type": "aws_iam_role_policy_attachment",
      "name": "sign_up_lambda_policy",
      "provider": "provider[\"registry.terraform.io/hashicorp/aws\"]",
      "instances": [
        {
          "schema_version": 0,
          "attributes": {
            "id": "dev-master-sign-up-20231003204311161700000001",
            "policy_arn": "arn:aws:iam::046354001990:policy/dev-auth-api-lambda-sign-up-endpoint",
            "role": "dev-master-sign-up"
          },
          "sensitive_attributes": [],
          "private": "bnVsbA==",
          "dependencies": [
            "aws_iam_policy.policy",
            "aws_iam_role.sign_up_lambda_exec",
            "data.aws_iam_policy_document.lambda_policy"
          ]
        }
      ]
    },
    {
      "mode": "managed",
      "type": "aws_lambda_function",
      "name": "sign_up_lambda",
      "provider": "provider[\"registry.terraform.io/hashicorp/aws\"]",
      "instances": [
        {
          "schema_version": 0,
          "attributes": {
            "architectures": [
              "x86_64"
            ],
            "arn": "arn:aws:lambda:us-east-1:046354001990:function:dev-master-sign-up",
            "code_signing_config_arn": "",
            "dead_letter_config": [],
            "description": "",
            "environment": [],
            "ephemeral_storage": [
              {
                "size": 512
              }
            ],
            "file_system_config": [],
            "filename": null,
            "function_name": "dev-master-sign-up",
            "handler": "function.handler",
            "id": "dev-master-sign-up",
            "image_config": [],
            "image_uri": "",
            "invoke_arn": "arn:aws:apigateway:us-east-1:lambda:path/2015-03-31/functions/arn:aws:lambda:us-east-1:046354001990:function:dev-master-sign-up/invocations",
            "kms_key_arn": "",
            "last_modified": "2023-10-04T17:05:26.000+0000",
            "layers": [],
            "memory_size": 128,
            "package_type": "Zip",
            "publish": false,
            "qualified_arn": "arn:aws:lambda:us-east-1:046354001990:function:dev-master-sign-up:$LATEST",
            "qualified_invoke_arn": "arn:aws:apigateway:us-east-1:lambda:path/2015-03-31/functions/arn:aws:lambda:us-east-1:046354001990:function:dev-master-sign-up:$LATEST/invocations",
            "replace_security_groups_on_destroy": null,
            "replacement_security_group_ids": null,
            "reserved_concurrent_executions": -1,
            "role": "arn:aws:iam::046354001990:role/dev-master-sign-up",
            "runtime": "nodejs16.x",
            "s3_bucket": "dev.auth-api-lambdas-20231004164518205000000001",
            "s3_key": "dev/master/sign-up-lambda.zip",
            "s3_object_version": null,
            "signing_job_arn": "",
            "signing_profile_version_arn": "",
            "skip_destroy": false,
            "snap_start": [],
            "source_code_hash": "a5979Xa8PsGPNe5qG6CInXeaovysfWJ42n+cd3ftAQ0=",
            "source_code_size": 13140262,
            "tags": {},
            "tags_all": {},
            "timeout": 3,
            "timeouts": null,
            "tracing_config": [
              {
                "mode": "PassThrough"
              }
            ],
            "version": "$LATEST",
            "vpc_config": []
          },
          "sensitive_attributes": [],
          "private": "eyJlMmJmYjczMC1lY2FhLTExZTYtOGY4OC0zNDM2M2JjN2M0YzAiOnsiY3JlYXRlIjo2MDAwMDAwMDAwMDAsImRlbGV0ZSI6NjAwMDAwMDAwMDAwLCJ1cGRhdGUiOjYwMDAwMDAwMDAwMH19",
          "dependencies": [
            "aws_iam_role.sign_up_lambda_exec",
            "aws_s3_object.sign_up_lambda",
            "data.archive_file.sign_up_lambda"
          ]
        }
      ]
    },
    {
      "mode": "managed",
      "type": "aws_s3_object",
      "name": "sign_up_lambda",
      "provider": "provider[\"registry.terraform.io/hashicorp/aws\"]",
      "instances": [
        {
          "schema_version": 0,
          "attributes": {
            "acl": null,
            "bucket": "dev.auth-api-lambdas-20231004164518205000000001",
            "bucket_key_enabled": false,
            "cache_control": "",
            "checksum_algorithm": null,
            "checksum_crc32": "",
            "checksum_crc32c": "",
            "checksum_sha1": "",
            "checksum_sha256": "",
            "content": null,
            "content_base64": null,
            "content_disposition": "",
            "content_encoding": "",
            "content_language": "",
            "content_type": "binary/octet-stream",
            "etag": "7706cc2f11992fb9d7c4c050dc365a94",
            "force_destroy": false,
            "id": "dev/master/sign-up-lambda.zip",
            "key": "dev/master/sign-up-lambda.zip",
            "kms_key_id": null,
            "metadata": {},
            "object_lock_legal_hold_status": "",
            "object_lock_mode": "",
            "object_lock_retain_until_date": "",
            "server_side_encryption": "AES256",
            "source": "../../../functions/sign-up/__bundle__.zip",
            "source_hash": null,
            "storage_class": "STANDARD",
            "tags": {},
            "tags_all": {},
            "version_id": "",
            "website_redirect": ""
          },
          "sensitive_attributes": [],
          "private": "bnVsbA==",
          "dependencies": [
            "data.archive_file.sign_up_lambda"
          ]
        }
      ]
    }
  ],
  "check_results": null
}
